
Microsoft Visual Studio Solution File, Format Version 12.00
# Visual Studio Version 17
VisualStudioVersion = 17.11.35327.3
MinimumVisualStudioVersion = 10.0.40219.1
Project("{FAE04EC0-301F-11D3-BF4B-00C04F79EFBC}") = "FinancialCrm", "FinancialCrm\FinancialCrm.csproj", "{96AA38C2-F040-4602-9759-11AC71315816}"
EndProject
Global
	GlobalSection(SolutionConfigurationPlatforms) = preSolution
		Debug|Any CPU = Debug|Any CPU
		Release|Any CPU = Release|Any CPU
	EndGlobalSection
	GlobalSection(ProjectConfigurationPlatforms) = postSolution
		{96AA38C2-F040-4602-9759-11AC71315816}.Debug|Any CPU.ActiveCfg = Debug|Any CPU
		{96AA38C2-F040-4602-9759-11AC71315816}.Debug|Any CPU.Build.0 = Debug|Any CPU
		{96AA38C2-F040-4602-9759-11AC71315816}.Release|Any CPU.ActiveCfg = Release|Any CPU
		{96AA38C2-F040-4602-9759-11AC71315816}.Release|Any CPU.Build.0 = Release|Any CPU
	EndGlobalSection
	GlobalSection(SolutionProperties) = preSolution
		HideSolutionNode = FALSE
	EndGlobalSection
	GlobalSection(ExtensibilityGlobals) = postSolution
		SolutionGuid = {21E2BC0E-B682-48FB-A09F-53BF855C3EE3}
	EndGlobalSection
EndGlobal
